// !$*UTF8*$!
{
	archiveVersion = 1;
	classes = {
	};
	objectVersion = 46;
	objects = {

/* Begin PBXBuildFile section */
		185F1851144D032D00FAC950 /* Food.m in Sources */ = {isa = PBXBuildFile; fileRef = 185F1850144D032D00FAC950 /* Food.m */; };
		185F1855144D034D00FAC950 /* TabbarViewController.m in Sources */ = {isa = PBXBuildFile; fileRef = 185F1853144D034D00FAC950 /* TabbarViewController.m */; };
		185F1856144D034D00FAC950 /* TabbarViewController.xib in Resources */ = {isa = PBXBuildFile; fileRef = 185F1854144D034D00FAC950 /* TabbarViewController.xib */; };
		185F1870144D038D00FAC950 /* ASIAuthenticationDialog.m in Sources */ = {isa = PBXBuildFile; fileRef = 185F1861144D038D00FAC950 /* ASIAuthenticationDialog.m */; };
		185F1871144D038D00FAC950 /* ASIInputStream.m in Sources */ = {isa = PBXBuildFile; fileRef = 185F1863144D038D00FAC950 /* ASIInputStream.m */; };
		185F1872144D038D00FAC950 /* ASIFormDataRequest.m in Sources */ = {isa = PBXBuildFile; fileRef = 185F1865144D038D00FAC950 /* ASIFormDataRequest.m */; };
		185F1873144D038D00FAC950 /* ASIHTTPRequest.m in Sources */ = {isa = PBXBuildFile; fileRef = 185F1867144D038D00FAC950 /* ASIHTTPRequest.m */; };
		185F1874144D038D00FAC950 /* ASINetworkQueue.m in Sources */ = {isa = PBXBuildFile; fileRef = 185F1869144D038D00FAC950 /* ASINetworkQueue.m */; };
		185F1875144D038D00FAC950 /* ASIDownloadCache.m in Sources */ = {isa = PBXBuildFile; fileRef = 185F186B144D038D00FAC950 /* ASIDownloadCache.m */; };
		185F1876144D038D00FAC950 /* ASIDataDecompressor.m in Sources */ = {isa = PBXBuildFile; fileRef = 185F186D144D038D00FAC950 /* ASIDataDecompressor.m */; };
		185F1877144D038D00FAC950 /* ASIDataCompressor.m in Sources */ = {isa = PBXBuildFile; fileRef = 185F186F144D038D00FAC950 /* ASIDataCompressor.m */; };
		185F187B144D039C00FAC950 /* Reachability.m in Sources */ = {isa = PBXBuildFile; fileRef = 185F187A144D039C00FAC950 /* Reachability.m */; };
		185F188A144D03B800FAC950 /* CXMLDocument.m in Sources */ = {isa = PBXBuildFile; fileRef = 185F187E144D03B800FAC950 /* CXMLDocument.m */; };
		185F188B144D03B800FAC950 /* CXMLDocument_PrivateExtensions.m in Sources */ = {isa = PBXBuildFile; fileRef = 185F1880144D03B800FAC950 /* CXMLDocument_PrivateExtensions.m */; };
		185F188C144D03B800FAC950 /* CXMLElement.m in Sources */ = {isa = PBXBuildFile; fileRef = 185F1882144D03B800FAC950 /* CXMLElement.m */; };
		185F188D144D03B800FAC950 /* CXMLNode.m in Sources */ = {isa = PBXBuildFile; fileRef = 185F1884144D03B800FAC950 /* CXMLNode.m */; };
		185F188E144D03B800FAC950 /* CXMLNode_PrivateExtensions.m in Sources */ = {isa = PBXBuildFile; fileRef = 185F1886144D03B800FAC950 /* CXMLNode_PrivateExtensions.m */; };
		185F188F144D03B800FAC950 /* CXMLNode_XPathExtensions.m in Sources */ = {isa = PBXBuildFile; fileRef = 185F1888144D03B800FAC950 /* CXMLNode_XPathExtensions.m */; };
		185F1891144D03E000FAC950 /* CFNetwork.framework in Frameworks */ = {isa = PBXBuildFile; fileRef = 185F1890144D03E000FAC950 /* CFNetwork.framework */; };
		185F1893144D03E400FAC950 /* MobileCoreServices.framework in Frameworks */ = {isa = PBXBuildFile; fileRef = 185F1892144D03E400FAC950 /* MobileCoreServices.framework */; };
		185F1896144D03F900FAC950 /* libxml2.2.dylib in Frameworks */ = {isa = PBXBuildFile; fileRef = 185F1895144D03F900FAC950 /* libxml2.2.dylib */; };
		185F1898144D041700FAC950 /* SystemConfiguration.framework in Frameworks */ = {isa = PBXBuildFile; fileRef = 185F1897144D041700FAC950 /* SystemConfiguration.framework */; };
		185F18A4144D0D4700FAC950 /* master-paper-middle@2x.png in Resources */ = {isa = PBXBuildFile; fileRef = 185F18A1144D0D4700FAC950 /* master-paper-middle@2x.png */; };
		185F18A5144D0D4700FAC950 /* master-paper-header@2x.png in Resources */ = {isa = PBXBuildFile; fileRef = 185F18A2144D0D4700FAC950 /* master-paper-header@2x.png */; };
		185F18A6144D0D4700FAC950 /* master-paper-footer@2x.png in Resources */ = {isa = PBXBuildFile; fileRef = 185F18A3144D0D4700FAC950 /* master-paper-footer@2x.png */; };
		185F18AC144D0DDD00FAC950 /* Config.plist in Resources */ = {isa = PBXBuildFile; fileRef = 185F18AB144D0DDD00FAC950 /* Config.plist */; };
		186BE2E7144CA77C00FC8C0C /* MenuViewController.m in Sources */ = {isa = PBXBuildFile; fileRef = 186BE2E5144CA77C00FC8C0C /* MenuViewController.m */; };
		186BE2E8144CA77C00FC8C0C /* MenuViewController.xib in Resources */ = {isa = PBXBuildFile; fileRef = 186BE2E6144CA77C00FC8C0C /* MenuViewController.xib */; };
		186BE2F1144CAA6D00FC8C0C /* GameViewController.m in Sources */ = {isa = PBXBuildFile; fileRef = 186BE2EF144CAA6D00FC8C0C /* GameViewController.m */; };
		186BE2F2144CAA6D00FC8C0C /* GameViewController.xib in Resources */ = {isa = PBXBuildFile; fileRef = 186BE2F0144CAA6D00FC8C0C /* GameViewController.xib */; };
		186BE2FB144CAA9E00FC8C0C /* FavoriteViewController.m in Sources */ = {isa = PBXBuildFile; fileRef = 186BE2F9144CAA9E00FC8C0C /* FavoriteViewController.m */; };
		186BE2FC144CAA9E00FC8C0C /* FavoriteViewController.xib in Resources */ = {isa = PBXBuildFile; fileRef = 186BE2FA144CAA9E00FC8C0C /* FavoriteViewController.xib */; };
		18E49C1E144CA1CA005C7E8C /* UIKit.framework in Frameworks */ = {isa = PBXBuildFile; fileRef = 18E49C1D144CA1CA005C7E8C /* UIKit.framework */; };
		18E49C20144CA1CA005C7E8C /* Foundation.framework in Frameworks */ = {isa = PBXBuildFile; fileRef = 18E49C1F144CA1CA005C7E8C /* Foundation.framework */; };
		18E49C22144CA1CA005C7E8C /* CoreGraphics.framework in Frameworks */ = {isa = PBXBuildFile; fileRef = 18E49C21144CA1CA005C7E8C /* CoreGraphics.framework */; };
		18E49C24144CA1CA005C7E8C /* CoreData.framework in Frameworks */ = {isa = PBXBuildFile; fileRef = 18E49C23144CA1CA005C7E8C /* CoreData.framework */; };
		18E49C2A144CA1CA005C7E8C /* InfoPlist.strings in Resources */ = {isa = PBXBuildFile; fileRef = 18E49C28144CA1CA005C7E8C /* InfoPlist.strings */; };
		18E49C2C144CA1CA005C7E8C /* main.m in Sources */ = {isa = PBXBuildFile; fileRef = 18E49C2B144CA1CA005C7E8C /* main.m */; };
		18E49C30144CA1CA005C7E8C /* CookMEAppDelegate.m in Sources */ = {isa = PBXBuildFile; fileRef = 18E49C2F144CA1CA005C7E8C /* CookMEAppDelegate.m */; };
		18E49C33144CA1CB005C7E8C /* MainWindow.xib in Resources */ = {isa = PBXBuildFile; fileRef = 18E49C31144CA1CB005C7E8C /* MainWindow.xib */; };
		18E49C36144CA1CB005C7E8C /* CookME.xcdatamodeld in Sources */ = {isa = PBXBuildFile; fileRef = 18E49C34144CA1CB005C7E8C /* CookME.xcdatamodeld */; };
		18E49C3E144CA1CB005C7E8C /* SenTestingKit.framework in Frameworks */ = {isa = PBXBuildFile; fileRef = 18E49C3D144CA1CB005C7E8C /* SenTestingKit.framework */; };
		18E49C3F144CA1CB005C7E8C /* UIKit.framework in Frameworks */ = {isa = PBXBuildFile; fileRef = 18E49C1D144CA1CA005C7E8C /* UIKit.framework */; };
		18E49C40144CA1CB005C7E8C /* Foundation.framework in Frameworks */ = {isa = PBXBuildFile; fileRef = 18E49C1F144CA1CA005C7E8C /* Foundation.framework */; };
		18E49C41144CA1CB005C7E8C /* CoreGraphics.framework in Frameworks */ = {isa = PBXBuildFile; fileRef = 18E49C21144CA1CA005C7E8C /* CoreGraphics.framework */; };
		18E49C42144CA1CB005C7E8C /* CoreData.framework in Frameworks */ = {isa = PBXBuildFile; fileRef = 18E49C23144CA1CA005C7E8C /* CoreData.framework */; };
		18E49C4A144CA1CB005C7E8C /* InfoPlist.strings in Resources */ = {isa = PBXBuildFile; fileRef = 18E49C48144CA1CB005C7E8C /* InfoPlist.strings */; };
		18E49C4C144CA1CB005C7E8C /* CookMETests.h in Resources */ = {isa = PBXBuildFile; fileRef = 18E49C4B144CA1CB005C7E8C /* CookMETests.h */; };
		18E49C4E144CA1CB005C7E8C /* CookMETests.m in Sources */ = {isa = PBXBuildFile; fileRef = 18E49C4D144CA1CB005C7E8C /* CookMETests.m */; };
		18F85FBD144D378B00CEE811 /* libz.1.2.3.dylib in Frameworks */ = {isa = PBXBuildFile; fileRef = 18F85FBC144D378B00CEE811 /* libz.1.2.3.dylib */; };
		18F85FC1144D38CE00CEE811 /* SearchViewController.m in Sources */ = {isa = PBXBuildFile; fileRef = 18F85FBF144D38CE00CEE811 /* SearchViewController.m */; };
		18F85FC2144D38CE00CEE811 /* SearchViewController.xib in Resources */ = {isa = PBXBuildFile; fileRef = 18F85FC0144D38CE00CEE811 /* SearchViewController.xib */; };
		A0D8B6E7144CFF5200BA118C /* paper-yellow.png in Resources */ = {isa = PBXBuildFile; fileRef = A0D8B6E6144CFF5200BA118C /* paper-yellow.png */; };
		A0D8B704144D1AEF00BA118C /* CoreDataTableViewController.m in Sources */ = {isa = PBXBuildFile; fileRef = A0D8B703144D1AEF00BA118C /* CoreDataTableViewController.m */; };
		A0D8B708144D1B7A00BA118C /* PlayLevelViewController.m in Sources */ = {isa = PBXBuildFile; fileRef = A0D8B706144D1B7A00BA118C /* PlayLevelViewController.m */; };
		A0D8B709144D1B7A00BA118C /* PlayLevelViewController.xib in Resources */ = {isa = PBXBuildFile; fileRef = A0D8B707144D1B7A00BA118C /* PlayLevelViewController.xib */; };
		A0D8B70B144D26D400BA118C /* frame@2x.png in Resources */ = {isa = PBXBuildFile; fileRef = A0D8B70A144D26D300BA118C /* frame@2x.png */; };
		A0EFE258144CAFA600321CFB /* 06-magnify.png in Resources */ = {isa = PBXBuildFile; fileRef = A0EFE256144CAFA600321CFB /* 06-magnify.png */; };
		A0EFE259144CAFA600321CFB /* 06-magnify@2x.png in Resources */ = {isa = PBXBuildFile; fileRef = A0EFE257144CAFA600321CFB /* 06-magnify@2x.png */; };
		A0EFE25D144CAFBA00321CFB /* 28-star.png in Resources */ = {isa = PBXBuildFile; fileRef = A0EFE25B144CAFBA00321CFB /* 28-star.png */; };
		A0EFE25E144CAFBA00321CFB /* 28-star@2x.png in Resources */ = {isa = PBXBuildFile; fileRef = A0EFE25C144CAFBA00321CFB /* 28-star@2x.png */; };
		A0EFE261144CAFF000321CFB /* 140-gradhat.png in Resources */ = {isa = PBXBuildFile; fileRef = A0EFE25F144CAFF000321CFB /* 140-gradhat.png */; };
		A0EFE262144CAFF000321CFB /* 140-gradhat@2x.png in Resources */ = {isa = PBXBuildFile; fileRef = A0EFE260144CAFF000321CFB /* 140-gradhat@2x.png */; };
		A0EFE265144CB01600321CFB /* 162-receipt.png in Resources */ = {isa = PBXBuildFile; fileRef = A0EFE263144CB01600321CFB /* 162-receipt.png */; };
		A0EFE266144CB01600321CFB /* 162-receipt@2x.png in Resources */ = {isa = PBXBuildFile; fileRef = A0EFE264144CB01600321CFB /* 162-receipt@2x.png */; };
		A0EFE269144CB16900321CFB /* 179-notepad.png in Resources */ = {isa = PBXBuildFile; fileRef = A0EFE267144CB16800321CFB /* 179-notepad.png */; };
		A0EFE26A144CB16900321CFB /* 179-notepad@2x.png in Resources */ = {isa = PBXBuildFile; fileRef = A0EFE268144CB16800321CFB /* 179-notepad@2x.png */; };
		A0EFE26D144CB73D00321CFB /* wood.png in Resources */ = {isa = PBXBuildFile; fileRef = A0EFE26B144CB73D00321CFB /* wood.png */; };
		A0EFE26E144CB73D00321CFB /* wood@2x.png in Resources */ = {isa = PBXBuildFile; fileRef = A0EFE26C144CB73D00321CFB /* wood@2x.png */; };
/* End PBXBuildFile section */

/* Begin PBXContainerItemProxy section */
		18E49C43144CA1CB005C7E8C /* PBXContainerItemProxy */ = {
			isa = PBXContainerItemProxy;
			containerPortal = 18E49C10144CA1CA005C7E8C /* Project object */;
			proxyType = 1;
			remoteGlobalIDString = 18E49C18144CA1CA005C7E8C;
			remoteInfo = CookME;
		};
/* End PBXContainerItemProxy section */

/* Begin PBXFileReference section */
		185F184F144D032D00FAC950 /* Food.h */ = {isa = PBXFileReference; fileEncoding = 4; lastKnownFileType = sourcecode.c.h; path = Food.h; sourceTree = "<group>"; };
		185F1850144D032D00FAC950 /* Food.m */ = {isa = PBXFileReference; fileEncoding = 4; lastKnownFileType = sourcecode.c.objc; path = Food.m; sourceTree = "<group>"; };
		185F1852144D034D00FAC950 /* TabbarViewController.h */ = {isa = PBXFileReference; fileEncoding = 4; lastKnownFileType = sourcecode.c.h; path = TabbarViewController.h; sourceTree = "<group>"; };
		185F1853144D034D00FAC950 /* TabbarViewController.m */ = {isa = PBXFileReference; fileEncoding = 4; lastKnownFileType = sourcecode.c.objc; path = TabbarViewController.m; sourceTree = "<group>"; };
		185F1854144D034D00FAC950 /* TabbarViewController.xib */ = {isa = PBXFileReference; fileEncoding = 4; lastKnownFileType = file.xib; path = TabbarViewController.xib; sourceTree = "<group>"; };
		185F185C144D038D00FAC950 /* ASIHTTPRequestConfig.h */ = {isa = PBXFileReference; fileEncoding = 4; lastKnownFileType = sourcecode.c.h; path = ASIHTTPRequestConfig.h; sourceTree = "<group>"; };
		185F185D144D038D00FAC950 /* ASICacheDelegate.h */ = {isa = PBXFileReference; fileEncoding = 4; lastKnownFileType = sourcecode.c.h; path = ASICacheDelegate.h; sourceTree = "<group>"; };
		185F185E144D038D00FAC950 /* ASIHTTPRequestDelegate.h */ = {isa = PBXFileReference; fileEncoding = 4; lastKnownFileType = sourcecode.c.h; path = ASIHTTPRequestDelegate.h; sourceTree = "<group>"; };
		185F185F144D038D00FAC950 /* ASIProgressDelegate.h */ = {isa = PBXFileReference; fileEncoding = 4; lastKnownFileType = sourcecode.c.h; path = ASIProgressDelegate.h; sourceTree = "<group>"; };
		185F1860144D038D00FAC950 /* ASIAuthenticationDialog.h */ = {isa = PBXFileReference; fileEncoding = 4; lastKnownFileType = sourcecode.c.h; path = ASIAuthenticationDialog.h; sourceTree = "<group>"; };
		185F1861144D038D00FAC950 /* ASIAuthenticationDialog.m */ = {isa = PBXFileReference; fileEncoding = 4; lastKnownFileType = sourcecode.c.objc; path = ASIAuthenticationDialog.m; sourceTree = "<group>"; };
		185F1862144D038D00FAC950 /* ASIInputStream.h */ = {isa = PBXFileReference; fileEncoding = 4; lastKnownFileType = sourcecode.c.h; path = ASIInputStream.h; sourceTree = "<group>"; };
		185F1863144D038D00FAC950 /* ASIInputStream.m */ = {isa = PBXFileReference; fileEncoding = 4; lastKnownFileType = sourcecode.c.objc; path = ASIInputStream.m; sourceTree = "<group>"; };
		185F1864144D038D00FAC950 /* ASIFormDataRequest.h */ = {isa = PBXFileReference; fileEncoding = 4; lastKnownFileType = sourcecode.c.h; path = ASIFormDataRequest.h; sourceTree = "<group>"; };
		185F1865144D038D00FAC950 /* ASIFormDataRequest.m */ = {isa = PBXFileReference; fileEncoding = 4; lastKnownFileType = sourcecode.c.objc; path = ASIFormDataRequest.m; sourceTree = "<group>"; };
		185F1866144D038D00FAC950 /* ASIHTTPRequest.h */ = {isa = PBXFileReference; fileEncoding = 4; lastKnownFileType = sourcecode.c.h; path = ASIHTTPRequest.h; sourceTree = "<group>"; };
		185F1867144D038D00FAC950 /* ASIHTTPRequest.m */ = {isa = PBXFileReference; fileEncoding = 4; lastKnownFileType = sourcecode.c.objc; path = ASIHTTPRequest.m; sourceTree = "<group>"; };
		185F1868144D038D00FAC950 /* ASINetworkQueue.h */ = {isa = PBXFileReference; fileEncoding = 4; lastKnownFileType = sourcecode.c.h; path = ASINetworkQueue.h; sourceTree = "<group>"; };
		185F1869144D038D00FAC950 /* ASINetworkQueue.m */ = {isa = PBXFileReference; fileEncoding = 4; lastKnownFileType = sourcecode.c.objc; path = ASINetworkQueue.m; sourceTree = "<group>"; };
		185F186A144D038D00FAC950 /* ASIDownloadCache.h */ = {isa = PBXFileReference; fileEncoding = 4; lastKnownFileType = sourcecode.c.h; path = ASIDownloadCache.h; sourceTree = "<group>"; };
		185F186B144D038D00FAC950 /* ASIDownloadCache.m */ = {isa = PBXFileReference; fileEncoding = 4; lastKnownFileType = sourcecode.c.objc; path = ASIDownloadCache.m; sourceTree = "<group>"; };
		185F186C144D038D00FAC950 /* ASIDataDecompressor.h */ = {isa = PBXFileReference; fileEncoding = 4; lastKnownFileType = sourcecode.c.h; path = ASIDataDecompressor.h; sourceTree = "<group>"; };
		185F186D144D038D00FAC950 /* ASIDataDecompressor.m */ = {isa = PBXFileReference; fileEncoding = 4; lastKnownFileType = sourcecode.c.objc; path = ASIDataDecompressor.m; sourceTree = "<group>"; };
		185F186E144D038D00FAC950 /* ASIDataCompressor.h */ = {isa = PBXFileReference; fileEncoding = 4; lastKnownFileType = sourcecode.c.h; path = ASIDataCompressor.h; sourceTree = "<group>"; };
		185F186F144D038D00FAC950 /* ASIDataCompressor.m */ = {isa = PBXFileReference; fileEncoding = 4; lastKnownFileType = sourcecode.c.objc; path = ASIDataCompressor.m; sourceTree = "<group>"; };
		185F1879144D039C00FAC950 /* Reachability.h */ = {isa = PBXFileReference; fileEncoding = 4; lastKnownFileType = sourcecode.c.h; path = Reachability.h; sourceTree = "<group>"; };
		185F187A144D039C00FAC950 /* Reachability.m */ = {isa = PBXFileReference; fileEncoding = 4; lastKnownFileType = sourcecode.c.objc; path = Reachability.m; sourceTree = "<group>"; };
		185F187D144D03B800FAC950 /* CXMLDocument.h */ = {isa = PBXFileReference; fileEncoding = 4; lastKnownFileType = sourcecode.c.h; path = CXMLDocument.h; sourceTree = "<group>"; };
		185F187E144D03B800FAC950 /* CXMLDocument.m */ = {isa = PBXFileReference; fileEncoding = 4; lastKnownFileType = sourcecode.c.objc; path = CXMLDocument.m; sourceTree = "<group>"; };
		185F187F144D03B800FAC950 /* CXMLDocument_PrivateExtensions.h */ = {isa = PBXFileReference; fileEncoding = 4; lastKnownFileType = sourcecode.c.h; path = CXMLDocument_PrivateExtensions.h; sourceTree = "<group>"; };
		185F1880144D03B800FAC950 /* CXMLDocument_PrivateExtensions.m */ = {isa = PBXFileReference; fileEncoding = 4; lastKnownFileType = sourcecode.c.objc; path = CXMLDocument_PrivateExtensions.m; sourceTree = "<group>"; };
		185F1881144D03B800FAC950 /* CXMLElement.h */ = {isa = PBXFileReference; fileEncoding = 4; lastKnownFileType = sourcecode.c.h; path = CXMLElement.h; sourceTree = "<group>"; };
		185F1882144D03B800FAC950 /* CXMLElement.m */ = {isa = PBXFileReference; fileEncoding = 4; lastKnownFileType = sourcecode.c.objc; path = CXMLElement.m; sourceTree = "<group>"; };
		185F1883144D03B800FAC950 /* CXMLNode.h */ = {isa = PBXFileReference; fileEncoding = 4; lastKnownFileType = sourcecode.c.h; path = CXMLNode.h; sourceTree = "<group>"; };
		185F1884144D03B800FAC950 /* CXMLNode.m */ = {isa = PBXFileReference; fileEncoding = 4; lastKnownFileType = sourcecode.c.objc; path = CXMLNode.m; sourceTree = "<group>"; };
		185F1885144D03B800FAC950 /* CXMLNode_PrivateExtensions.h */ = {isa = PBXFileReference; fileEncoding = 4; lastKnownFileType = sourcecode.c.h; path = CXMLNode_PrivateExtensions.h; sourceTree = "<group>"; };
		185F1886144D03B800FAC950 /* CXMLNode_PrivateExtensions.m */ = {isa = PBXFileReference; fileEncoding = 4; lastKnownFileType = sourcecode.c.objc; path = CXMLNode_PrivateExtensions.m; sourceTree = "<group>"; };
		185F1887144D03B800FAC950 /* CXMLNode_XPathExtensions.h */ = {isa = PBXFileReference; fileEncoding = 4; lastKnownFileType = sourcecode.c.h; path = CXMLNode_XPathExtensions.h; sourceTree = "<group>"; };
		185F1888144D03B800FAC950 /* CXMLNode_XPathExtensions.m */ = {isa = PBXFileReference; fileEncoding = 4; lastKnownFileType = sourcecode.c.objc; path = CXMLNode_XPathExtensions.m; sourceTree = "<group>"; };
		185F1889144D03B800FAC950 /* TouchXML.h */ = {isa = PBXFileReference; fileEncoding = 4; lastKnownFileType = sourcecode.c.h; path = TouchXML.h; sourceTree = "<group>"; };
		185F1890144D03E000FAC950 /* CFNetwork.framework */ = {isa = PBXFileReference; lastKnownFileType = wrapper.framework; name = CFNetwork.framework; path = System/Library/Frameworks/CFNetwork.framework; sourceTree = SDKROOT; };
		185F1892144D03E400FAC950 /* MobileCoreServices.framework */ = {isa = PBXFileReference; lastKnownFileType = wrapper.framework; name = MobileCoreServices.framework; path = System/Library/Frameworks/MobileCoreServices.framework; sourceTree = SDKROOT; };
		185F1894144D03EB00FAC950 /* CoreGraphics.framework */ = {isa = PBXFileReference; lastKnownFileType = wrapper.framework; name = CoreGraphics.framework; path = System/Library/Frameworks/CoreGraphics.framework; sourceTree = SDKROOT; };
		185F1895144D03F900FAC950 /* libxml2.2.dylib */ = {isa = PBXFileReference; lastKnownFileType = "compiled.mach-o.dylib"; name = libxml2.2.dylib; path = usr/lib/libxml2.2.dylib; sourceTree = SDKROOT; };
		185F1897144D041700FAC950 /* SystemConfiguration.framework */ = {isa = PBXFileReference; lastKnownFileType = wrapper.framework; name = SystemConfiguration.framework; path = System/Library/Frameworks/SystemConfiguration.framework; sourceTree = SDKROOT; };
		185F18A1144D0D4700FAC950 /* master-paper-middle@2x.png */ = {isa = PBXFileReference; lastKnownFileType = image.png; path = "master-paper-middle@2x.png"; sourceTree = "<group>"; };
		185F18A2144D0D4700FAC950 /* master-paper-header@2x.png */ = {isa = PBXFileReference; lastKnownFileType = image.png; path = "master-paper-header@2x.png"; sourceTree = "<group>"; };
		185F18A3144D0D4700FAC950 /* master-paper-footer@2x.png */ = {isa = PBXFileReference; lastKnownFileType = image.png; path = "master-paper-footer@2x.png"; sourceTree = "<group>"; };
		185F18AB144D0DDD00FAC950 /* Config.plist */ = {isa = PBXFileReference; fileEncoding = 4; lastKnownFileType = text.plist.xml; path = Config.plist; sourceTree = "<group>"; };
		186BE2E4144CA77C00FC8C0C /* MenuViewController.h */ = {isa = PBXFileReference; fileEncoding = 4; lastKnownFileType = sourcecode.c.h; path = MenuViewController.h; sourceTree = "<group>"; };
		186BE2E5144CA77C00FC8C0C /* MenuViewController.m */ = {isa = PBXFileReference; fileEncoding = 4; lastKnownFileType = sourcecode.c.objc; path = MenuViewController.m; sourceTree = "<group>"; };
		186BE2E6144CA77C00FC8C0C /* MenuViewController.xib */ = {isa = PBXFileReference; fileEncoding = 4; lastKnownFileType = file.xib; path = MenuViewController.xib; sourceTree = "<group>"; };
		186BE2EE144CAA6D00FC8C0C /* GameViewController.h */ = {isa = PBXFileReference; fileEncoding = 4; lastKnownFileType = sourcecode.c.h; path = GameViewController.h; sourceTree = "<group>"; };
		186BE2EF144CAA6D00FC8C0C /* GameViewController.m */ = {isa = PBXFileReference; fileEncoding = 4; lastKnownFileType = sourcecode.c.objc; path = GameViewController.m; sourceTree = "<group>"; };
		186BE2F0144CAA6D00FC8C0C /* GameViewController.xib */ = {isa = PBXFileReference; fileEncoding = 4; lastKnownFileType = file.xib; path = GameViewController.xib; sourceTree = "<group>"; };
		186BE2F8144CAA9E00FC8C0C /* FavoriteViewController.h */ = {isa = PBXFileReference; fileEncoding = 4; lastKnownFileType = sourcecode.c.h; path = FavoriteViewController.h; sourceTree = "<group>"; };
		186BE2F9144CAA9E00FC8C0C /* FavoriteViewController.m */ = {isa = PBXFileReference; fileEncoding = 4; lastKnownFileType = sourcecode.c.objc; path = FavoriteViewController.m; sourceTree = "<group>"; };
		186BE2FA144CAA9E00FC8C0C /* FavoriteViewController.xib */ = {isa = PBXFileReference; fileEncoding = 4; lastKnownFileType = file.xib; path = FavoriteViewController.xib; sourceTree = "<group>"; };
		18E49C19144CA1CA005C7E8C /* CookME.app */ = {isa = PBXFileReference; explicitFileType = wrapper.application; includeInIndex = 0; path = CookME.app; sourceTree = BUILT_PRODUCTS_DIR; };
		18E49C1D144CA1CA005C7E8C /* UIKit.framework */ = {isa = PBXFileReference; lastKnownFileType = wrapper.framework; name = UIKit.framework; path = System/Library/Frameworks/UIKit.framework; sourceTree = SDKROOT; };
		18E49C1F144CA1CA005C7E8C /* Foundation.framework */ = {isa = PBXFileReference; lastKnownFileType = wrapper.framework; name = Foundation.framework; path = System/Library/Frameworks/Foundation.framework; sourceTree = SDKROOT; };
		18E49C21144CA1CA005C7E8C /* CoreGraphics.framework */ = {isa = PBXFileReference; lastKnownFileType = wrapper.framework; name = CoreGraphics.framework; path = System/Library/Frameworks/CoreGraphics.framework; sourceTree = SDKROOT; };
		18E49C23144CA1CA005C7E8C /* CoreData.framework */ = {isa = PBXFileReference; lastKnownFileType = wrapper.framework; name = CoreData.framework; path = System/Library/Frameworks/CoreData.framework; sourceTree = SDKROOT; };
		18E49C27144CA1CA005C7E8C /* CookME-Info.plist */ = {isa = PBXFileReference; lastKnownFileType = text.plist.xml; path = "CookME-Info.plist"; sourceTree = "<group>"; };
		18E49C29144CA1CA005C7E8C /* en */ = {isa = PBXFileReference; lastKnownFileType = text.plist.strings; name = en; path = en.lproj/InfoPlist.strings; sourceTree = "<group>"; };
		18E49C2B144CA1CA005C7E8C /* main.m */ = {isa = PBXFileReference; lastKnownFileType = sourcecode.c.objc; path = main.m; sourceTree = "<group>"; };
		18E49C2D144CA1CA005C7E8C /* CookME-Prefix.pch */ = {isa = PBXFileReference; lastKnownFileType = sourcecode.c.h; path = "CookME-Prefix.pch"; sourceTree = "<group>"; };
		18E49C2E144CA1CA005C7E8C /* CookMEAppDelegate.h */ = {isa = PBXFileReference; lastKnownFileType = sourcecode.c.h; path = CookMEAppDelegate.h; sourceTree = "<group>"; };
		18E49C2F144CA1CA005C7E8C /* CookMEAppDelegate.m */ = {isa = PBXFileReference; lastKnownFileType = sourcecode.c.objc; path = CookMEAppDelegate.m; sourceTree = "<group>"; };
		18E49C32144CA1CB005C7E8C /* en */ = {isa = PBXFileReference; lastKnownFileType = file.xib; name = en; path = en.lproj/MainWindow.xib; sourceTree = "<group>"; };
		18E49C35144CA1CB005C7E8C /* CookME.xcdatamodel */ = {isa = PBXFileReference; lastKnownFileType = wrapper.xcdatamodel; path = CookME.xcdatamodel; sourceTree = "<group>"; };
		18E49C3C144CA1CB005C7E8C /* CookMETests.octest */ = {isa = PBXFileReference; explicitFileType = wrapper.cfbundle; includeInIndex = 0; path = CookMETests.octest; sourceTree = BUILT_PRODUCTS_DIR; };
		18E49C3D144CA1CB005C7E8C /* SenTestingKit.framework */ = {isa = PBXFileReference; lastKnownFileType = wrapper.framework; name = SenTestingKit.framework; path = Library/Frameworks/SenTestingKit.framework; sourceTree = DEVELOPER_DIR; };
		18E49C47144CA1CB005C7E8C /* CookMETests-Info.plist */ = {isa = PBXFileReference; lastKnownFileType = text.plist.xml; path = "CookMETests-Info.plist"; sourceTree = "<group>"; };
		18E49C49144CA1CB005C7E8C /* en */ = {isa = PBXFileReference; lastKnownFileType = text.plist.strings; name = en; path = en.lproj/InfoPlist.strings; sourceTree = "<group>"; };
		18E49C4B144CA1CB005C7E8C /* CookMETests.h */ = {isa = PBXFileReference; lastKnownFileType = sourcecode.c.h; path = CookMETests.h; sourceTree = "<group>"; };
		18E49C4D144CA1CB005C7E8C /* CookMETests.m */ = {isa = PBXFileReference; lastKnownFileType = sourcecode.c.objc; path = CookMETests.m; sourceTree = "<group>"; };
		18F85FBC144D378B00CEE811 /* libz.1.2.3.dylib */ = {isa = PBXFileReference; lastKnownFileType = "compiled.mach-o.dylib"; name = libz.1.2.3.dylib; path = usr/lib/libz.1.2.3.dylib; sourceTree = SDKROOT; };
		18F85FBE144D38CE00CEE811 /* SearchViewController.h */ = {isa = PBXFileReference; fileEncoding = 4; lastKnownFileType = sourcecode.c.h; path = SearchViewController.h; sourceTree = "<group>"; };
		18F85FBF144D38CE00CEE811 /* SearchViewController.m */ = {isa = PBXFileReference; fileEncoding = 4; lastKnownFileType = sourcecode.c.objc; path = SearchViewController.m; sourceTree = "<group>"; };
		18F85FC0144D38CE00CEE811 /* SearchViewController.xib */ = {isa = PBXFileReference; fileEncoding = 4; lastKnownFileType = file.xib; path = SearchViewController.xib; sourceTree = "<group>"; };
		A0D8B6E6144CFF5200BA118C /* paper-yellow.png */ = {isa = PBXFileReference; lastKnownFileType = image.png; path = "paper-yellow.png"; sourceTree = "<group>"; };
		A0D8B702144D1AEF00BA118C /* CoreDataTableViewController.h */ = {isa = PBXFileReference; fileEncoding = 4; lastKnownFileType = sourcecode.c.h; path = CoreDataTableViewController.h; sourceTree = "<group>"; };
		A0D8B703144D1AEF00BA118C /* CoreDataTableViewController.m */ = {isa = PBXFileReference; fileEncoding = 4; lastKnownFileType = sourcecode.c.objc; path = CoreDataTableViewController.m; sourceTree = "<group>"; };
		A0D8B705144D1B7900BA118C /* PlayLevelViewController.h */ = {isa = PBXFileReference; fileEncoding = 4; lastKnownFileType = sourcecode.c.h; path = PlayLevelViewController.h; sourceTree = "<group>"; };
		A0D8B706144D1B7A00BA118C /* PlayLevelViewController.m */ = {isa = PBXFileReference; fileEncoding = 4; lastKnownFileType = sourcecode.c.objc; path = PlayLevelViewController.m; sourceTree = "<group>"; };
		A0D8B707144D1B7A00BA118C /* PlayLevelViewController.xib */ = {isa = PBXFileReference; fileEncoding = 4; lastKnownFileType = file.xib; path = PlayLevelViewController.xib; sourceTree = "<group>"; };
		A0D8B70A144D26D300BA118C /* frame@2x.png */ = {isa = PBXFileReference; lastKnownFileType = image.png; path = "frame@2x.png"; sourceTree = "<group>"; };
		A0EFE256144CAFA600321CFB /* 06-magnify.png */ = {isa = PBXFileReference; lastKnownFileType = image.png; path = "06-magnify.png"; sourceTree = "<group>"; };
		A0EFE257144CAFA600321CFB /* 06-magnify@2x.png */ = {isa = PBXFileReference; lastKnownFileType = image.png; path = "06-magnify@2x.png"; sourceTree = "<group>"; };
		A0EFE25B144CAFBA00321CFB /* 28-star.png */ = {isa = PBXFileReference; lastKnownFileType = image.png; path = "28-star.png"; sourceTree = "<group>"; };
		A0EFE25C144CAFBA00321CFB /* 28-star@2x.png */ = {isa = PBXFileReference; lastKnownFileType = image.png; path = "28-star@2x.png"; sourceTree = "<group>"; };
		A0EFE25F144CAFF000321CFB /* 140-gradhat.png */ = {isa = PBXFileReference; lastKnownFileType = image.png; path = "140-gradhat.png"; sourceTree = "<group>"; };
		A0EFE260144CAFF000321CFB /* 140-gradhat@2x.png */ = {isa = PBXFileReference; lastKnownFileType = image.png; path = "140-gradhat@2x.png"; sourceTree = "<group>"; };
		A0EFE263144CB01600321CFB /* 162-receipt.png */ = {isa = PBXFileReference; lastKnownFileType = image.png; path = "162-receipt.png"; sourceTree = "<group>"; };
		A0EFE264144CB01600321CFB /* 162-receipt@2x.png */ = {isa = PBXFileReference; lastKnownFileType = image.png; path = "162-receipt@2x.png"; sourceTree = "<group>"; };
		A0EFE267144CB16800321CFB /* 179-notepad.png */ = {isa = PBXFileReference; lastKnownFileType = image.png; path = "179-notepad.png"; sourceTree = "<group>"; };
		A0EFE268144CB16800321CFB /* 179-notepad@2x.png */ = {isa = PBXFileReference; lastKnownFileType = image.png; path = "179-notepad@2x.png"; sourceTree = "<group>"; };
		A0EFE26B144CB73D00321CFB /* wood.png */ = {isa = PBXFileReference; lastKnownFileType = image.png; path = wood.png; sourceTree = "<group>"; };
		A0EFE26C144CB73D00321CFB /* wood@2x.png */ = {isa = PBXFileReference; lastKnownFileType = image.png; path = "wood@2x.png"; sourceTree = "<group>"; };
/* End PBXFileReference section */

/* Begin PBXFrameworksBuildPhase section */
		18E49C16144CA1CA005C7E8C /* Frameworks */ = {
			isa = PBXFrameworksBuildPhase;
			buildActionMask = 2147483647;
			files = (
				18F85FBD144D378B00CEE811 /* libz.1.2.3.dylib in Frameworks */,
				185F1898144D041700FAC950 /* SystemConfiguration.framework in Frameworks */,
				185F1896144D03F900FAC950 /* libxml2.2.dylib in Frameworks */,
				18E49C22144CA1CA005C7E8C /* CoreGraphics.framework in Frameworks */,
				185F1893144D03E400FAC950 /* MobileCoreServices.framework in Frameworks */,
				185F1891144D03E000FAC950 /* CFNetwork.framework in Frameworks */,
				18E49C1E144CA1CA005C7E8C /* UIKit.framework in Frameworks */,
				18E49C20144CA1CA005C7E8C /* Foundation.framework in Frameworks */,
				18E49C24144CA1CA005C7E8C /* CoreData.framework in Frameworks */,
			);
			runOnlyForDeploymentPostprocessing = 0;
		};
		18E49C38144CA1CB005C7E8C /* Frameworks */ = {
			isa = PBXFrameworksBuildPhase;
			buildActionMask = 2147483647;
			files = (
				18E49C3E144CA1CB005C7E8C /* SenTestingKit.framework in Frameworks */,
				18E49C3F144CA1CB005C7E8C /* UIKit.framework in Frameworks */,
				18E49C40144CA1CB005C7E8C /* Foundation.framework in Frameworks */,
				18E49C41144CA1CB005C7E8C /* CoreGraphics.framework in Frameworks */,
				18E49C42144CA1CB005C7E8C /* CoreData.framework in Frameworks */,
			);
			runOnlyForDeploymentPostprocessing = 0;
		};
/* End PBXFrameworksBuildPhase section */

/* Begin PBXGroup section */
		1813F65F144CA31700014EF6 /* favorite */ = {
			isa = PBXGroup;
			children = (
				186BE2F8144CAA9E00FC8C0C /* FavoriteViewController.h */,
				186BE2F9144CAA9E00FC8C0C /* FavoriteViewController.m */,
				186BE2FA144CAA9E00FC8C0C /* FavoriteViewController.xib */,
			);
			name = favorite;
			sourceTree = "<group>";
		};
		1813F665144CA35C00014EF6 /* Cook */ = {
			isa = PBXGroup;
			children = (
				186BE2E4144CA77C00FC8C0C /* MenuViewController.h */,
				186BE2E5144CA77C00FC8C0C /* MenuViewController.m */,
				186BE2E6144CA77C00FC8C0C /* MenuViewController.xib */,
			);
			name = Cook;
			sourceTree = "<group>";
		};
		1813F666144CA36500014EF6 /* Search */ = {
			isa = PBXGroup;
			children = (
				18F85FBE144D38CE00CEE811 /* SearchViewController.h */,
				18F85FBF144D38CE00CEE811 /* SearchViewController.m */,
				18F85FC0144D38CE00CEE811 /* SearchViewController.xib */,
			);
			name = Search;
			sourceTree = "<group>";
		};
		1813F66C144CA39600014EF6 /* game */ = {
			isa = PBXGroup;
			children = (
				186BE2EE144CAA6D00FC8C0C /* GameViewController.h */,
				186BE2EF144CAA6D00FC8C0C /* GameViewController.m */,
				186BE2F0144CAA6D00FC8C0C /* GameViewController.xib */,
				A0D8B705144D1B7900BA118C /* PlayLevelViewController.h */,
				A0D8B706144D1B7A00BA118C /* PlayLevelViewController.m */,
				A0D8B707144D1B7A00BA118C /* PlayLevelViewController.xib */,
			);
			name = game;
			sourceTree = "<group>";
		};
		185F1857144D037800FAC950 /* ASI */ = {
			isa = PBXGroup;
			children = (
				185F1878144D039200FAC950 /* Reachability */,
				185F185C144D038D00FAC950 /* ASIHTTPRequestConfig.h */,
				185F185D144D038D00FAC950 /* ASICacheDelegate.h */,
				185F185E144D038D00FAC950 /* ASIHTTPRequestDelegate.h */,
				185F185F144D038D00FAC950 /* ASIProgressDelegate.h */,
				185F1860144D038D00FAC950 /* ASIAuthenticationDialog.h */,
				185F1861144D038D00FAC950 /* ASIAuthenticationDialog.m */,
				185F1862144D038D00FAC950 /* ASIInputStream.h */,
				185F1863144D038D00FAC950 /* ASIInputStream.m */,
				185F1864144D038D00FAC950 /* ASIFormDataRequest.h */,
				185F1865144D038D00FAC950 /* ASIFormDataRequest.m */,
				185F1866144D038D00FAC950 /* ASIHTTPRequest.h */,
				185F1867144D038D00FAC950 /* ASIHTTPRequest.m */,
				185F1868144D038D00FAC950 /* ASINetworkQueue.h */,
				185F1869144D038D00FAC950 /* ASINetworkQueue.m */,
				185F186A144D038D00FAC950 /* ASIDownloadCache.h */,
				185F186B144D038D00FAC950 /* ASIDownloadCache.m */,
				185F186C144D038D00FAC950 /* ASIDataDecompressor.h */,
				185F186D144D038D00FAC950 /* ASIDataDecompressor.m */,
				185F186E144D038D00FAC950 /* ASIDataCompressor.h */,
				185F186F144D038D00FAC950 /* ASIDataCompressor.m */,
			);
			name = ASI;
			sourceTree = "<group>";
		};
		185F1878144D039200FAC950 /* Reachability */ = {
			isa = PBXGroup;
			children = (
				185F1879144D039C00FAC950 /* Reachability.h */,
				185F187A144D039C00FAC950 /* Reachability.m */,
			);
			name = Reachability;
			sourceTree = "<group>";
		};
		185F187C144D03AB00FAC950 /* TouchXML */ = {
			isa = PBXGroup;
			children = (
				185F187D144D03B800FAC950 /* CXMLDocument.h */,
				185F187E144D03B800FAC950 /* CXMLDocument.m */,
				185F187F144D03B800FAC950 /* CXMLDocument_PrivateExtensions.h */,
				185F1880144D03B800FAC950 /* CXMLDocument_PrivateExtensions.m */,
				185F1881144D03B800FAC950 /* CXMLElement.h */,
				185F1882144D03B800FAC950 /* CXMLElement.m */,
				185F1883144D03B800FAC950 /* CXMLNode.h */,
				185F1884144D03B800FAC950 /* CXMLNode.m */,
				185F1885144D03B800FAC950 /* CXMLNode_PrivateExtensions.h */,
				185F1886144D03B800FAC950 /* CXMLNode_PrivateExtensions.m */,
				185F1887144D03B800FAC950 /* CXMLNode_XPathExtensions.h */,
				185F1888144D03B800FAC950 /* CXMLNode_XPathExtensions.m */,
				185F1889144D03B800FAC950 /* TouchXML.h */,
			);
			name = TouchXML;
			sourceTree = "<group>";
		};
		185F189F144D0D3400FAC950 /* IMG */ = {
			isa = PBXGroup;
			children = (
				185F18A1144D0D4700FAC950 /* master-paper-middle@2x.png */,
				185F18A2144D0D4700FAC950 /* master-paper-header@2x.png */,
				185F18A3144D0D4700FAC950 /* master-paper-footer@2x.png */,
				A0D8B6E6144CFF5200BA118C /* paper-yellow.png */,
				A0EFE256144CAFA600321CFB /* 06-magnify.png */,
				A0EFE257144CAFA600321CFB /* 06-magnify@2x.png */,
				A0EFE25B144CAFBA00321CFB /* 28-star.png */,
				A0EFE25C144CAFBA00321CFB /* 28-star@2x.png */,
				A0EFE25F144CAFF000321CFB /* 140-gradhat.png */,
				A0EFE260144CAFF000321CFB /* 140-gradhat@2x.png */,
				A0EFE263144CB01600321CFB /* 162-receipt.png */,
				A0EFE264144CB01600321CFB /* 162-receipt@2x.png */,
				A0EFE267144CB16800321CFB /* 179-notepad.png */,
				A0EFE268144CB16800321CFB /* 179-notepad@2x.png */,
				A0EFE26B144CB73D00321CFB /* wood.png */,
				A0EFE26C144CB73D00321CFB /* wood@2x.png */,
			);
			name = IMG;
			sourceTree = "<group>";
		};
		18E49C0E144CA1CA005C7E8C = {
			isa = PBXGroup;
			children = (
				18F85FBC144D378B00CEE811 /* libz.1.2.3.dylib */,
				18E49C25144CA1CA005C7E8C /* CookME */,
				18E49C45144CA1CB005C7E8C /* CookMETests */,
				18E49C1C144CA1CA005C7E8C /* Frameworks */,
				18E49C1A144CA1CA005C7E8C /* Products */,
			);
			sourceTree = "<group>";
		};
		18E49C1A144CA1CA005C7E8C /* Products */ = {
			isa = PBXGroup;
			children = (
				18E49C19144CA1CA005C7E8C /* CookME.app */,
				18E49C3C144CA1CB005C7E8C /* CookMETests.octest */,
			);
			name = Products;
			sourceTree = "<group>";
		};
		18E49C1C144CA1CA005C7E8C /* Frameworks */ = {
			isa = PBXGroup;
			children = (
				185F1897144D041700FAC950 /* SystemConfiguration.framework */,
				185F1895144D03F900FAC950 /* libxml2.2.dylib */,
				185F1894144D03EB00FAC950 /* CoreGraphics.framework */,
				185F1892144D03E400FAC950 /* MobileCoreServices.framework */,
				185F1890144D03E000FAC950 /* CFNetwork.framework */,
				18E49C1D144CA1CA005C7E8C /* UIKit.framework */,
				18E49C1F144CA1CA005C7E8C /* Foundation.framework */,
				18E49C21144CA1CA005C7E8C /* CoreGraphics.framework */,
				18E49C23144CA1CA005C7E8C /* CoreData.framework */,
				18E49C3D144CA1CB005C7E8C /* SenTestingKit.framework */,
			);
			name = Frameworks;
			sourceTree = "<group>";
		};
		18E49C25144CA1CA005C7E8C /* CookME */ = {
			isa = PBXGroup;
			children = (
				185F18AB144D0DDD00FAC950 /* Config.plist */,
				185F187C144D03AB00FAC950 /* TouchXML */,
				185F1857144D037800FAC950 /* ASI */,
				1813F665144CA35C00014EF6 /* Cook */,
				1813F66C144CA39600014EF6 /* game */,
				1813F666144CA36500014EF6 /* Search */,
				1813F65F144CA31700014EF6 /* favorite */,
				A0D8B703144D1AEF00BA118C /* CoreDataTableViewController.m */,
				A0D8B702144D1AEF00BA118C /* CoreDataTableViewController.h */,
				A0D8B70A144D26D300BA118C /* frame@2x.png */,
				18E49C2E144CA1CA005C7E8C /* CookMEAppDelegate.h */,
				18E49C2F144CA1CA005C7E8C /* CookMEAppDelegate.m */,
				185F1852144D034D00FAC950 /* TabbarViewController.h */,
				185F1853144D034D00FAC950 /* TabbarViewController.m */,
				185F1854144D034D00FAC950 /* TabbarViewController.xib */,
				18E49C31144CA1CB005C7E8C /* MainWindow.xib */,
				18E49C34144CA1CB005C7E8C /* CookME.xcdatamodeld */,
				185F184F144D032D00FAC950 /* Food.h */,
				185F1850144D032D00FAC950 /* Food.m */,
				18E49C26144CA1CA005C7E8C /* Supporting Files */,
				185F189F144D0D3400FAC950 /* IMG */,
			);
			path = CookME;
			sourceTree = "<group>";
		};
		18E49C26144CA1CA005C7E8C /* Supporting Files */ = {
			isa = PBXGroup;
			children = (
				18E49C27144CA1CA005C7E8C /* CookME-Info.plist */,
				18E49C28144CA1CA005C7E8C /* InfoPlist.strings */,
				18E49C2B144CA1CA005C7E8C /* main.m */,
				18E49C2D144CA1CA005C7E8C /* CookME-Prefix.pch */,
			);
			name = "Supporting Files";
			sourceTree = "<group>";
		};
		18E49C45144CA1CB005C7E8C /* CookMETests */ = {
			isa = PBXGroup;
			children = (
				18E49C4B144CA1CB005C7E8C /* CookMETests.h */,
				18E49C4D144CA1CB005C7E8C /* CookMETests.m */,
				18E49C46144CA1CB005C7E8C /* Supporting Files */,
			);
			path = CookMETests;
			sourceTree = "<group>";
		};
		18E49C46144CA1CB005C7E8C /* Supporting Files */ = {
			isa = PBXGroup;
			children = (
				18E49C47144CA1CB005C7E8C /* CookMETests-Info.plist */,
				18E49C48144CA1CB005C7E8C /* InfoPlist.strings */,
			);
			name = "Supporting Files";
			sourceTree = "<group>";
		};
/* End PBXGroup section */

/* Begin PBXNativeTarget section */
		18E49C18144CA1CA005C7E8C /* CookME */ = {
			isa = PBXNativeTarget;
			buildConfigurationList = 18E49C51144CA1CB005C7E8C /* Build configuration list for PBXNativeTarget "CookME" */;
			buildPhases = (
				18E49C15144CA1CA005C7E8C /* Sources */,
				18E49C16144CA1CA005C7E8C /* Frameworks */,
				18E49C17144CA1CA005C7E8C /* Resources */,
			);
			buildRules = (
			);
			dependencies = (
			);
			name = CookME;
			productName = CookME;
			productReference = 18E49C19144CA1CA005C7E8C /* CookME.app */;
			productType = "com.apple.product-type.application";
		};
		18E49C3B144CA1CB005C7E8C /* CookMETests */ = {
			isa = PBXNativeTarget;
			buildConfigurationList = 18E49C54144CA1CB005C7E8C /* Build configuration list for PBXNativeTarget "CookMETests" */;
			buildPhases = (
				18E49C37144CA1CB005C7E8C /* Sources */,
				18E49C38144CA1CB005C7E8C /* Frameworks */,
				18E49C39144CA1CB005C7E8C /* Resources */,
				18E49C3A144CA1CB005C7E8C /* ShellScript */,
			);
			buildRules = (
			);
			dependencies = (
				18E49C44144CA1CB005C7E8C /* PBXTargetDependency */,
			);
			name = CookMETests;
			productName = CookMETests;
			productReference = 18E49C3C144CA1CB005C7E8C /* CookMETests.octest */;
			productType = "com.apple.product-type.bundle";
		};
/* End PBXNativeTarget section */

/* Begin PBXProject section */
		18E49C10144CA1CA005C7E8C /* Project object */ = {
			isa = PBXProject;
			buildConfigurationList = 18E49C13144CA1CA005C7E8C /* Build configuration list for PBXProject "CookME" */;
			compatibilityVersion = "Xcode 3.2";
			developmentRegion = English;
			hasScannedForEncodings = 0;
			knownRegions = (
				en,
			);
			mainGroup = 18E49C0E144CA1CA005C7E8C;
			productRefGroup = 18E49C1A144CA1CA005C7E8C /* Products */;
			projectDirPath = "";
			projectRoot = "";
			targets = (
				18E49C18144CA1CA005C7E8C /* CookME */,
				18E49C3B144CA1CB005C7E8C /* CookMETests */,
			);
		};
/* End PBXProject section */

/* Begin PBXResourcesBuildPhase section */
		18E49C17144CA1CA005C7E8C /* Resources */ = {
			isa = PBXResourcesBuildPhase;
			buildActionMask = 2147483647;
			files = (
				18E49C2A144CA1CA005C7E8C /* InfoPlist.strings in Resources */,
				18E49C33144CA1CB005C7E8C /* MainWindow.xib in Resources */,
				186BE2E8144CA77C00FC8C0C /* MenuViewController.xib in Resources */,
				186BE2F2144CAA6D00FC8C0C /* GameViewController.xib in Resources */,
				186BE2FC144CAA9E00FC8C0C /* FavoriteViewController.xib in Resources */,
				A0EFE258144CAFA600321CFB /* 06-magnify.png in Resources */,
				A0EFE259144CAFA600321CFB /* 06-magnify@2x.png in Resources */,
				A0EFE25D144CAFBA00321CFB /* 28-star.png in Resources */,
				A0EFE25E144CAFBA00321CFB /* 28-star@2x.png in Resources */,
				A0EFE261144CAFF000321CFB /* 140-gradhat.png in Resources */,
				A0EFE262144CAFF000321CFB /* 140-gradhat@2x.png in Resources */,
				A0EFE265144CB01600321CFB /* 162-receipt.png in Resources */,
				A0EFE266144CB01600321CFB /* 162-receipt@2x.png in Resources */,
				A0EFE269144CB16900321CFB /* 179-notepad.png in Resources */,
				A0EFE26A144CB16900321CFB /* 179-notepad@2x.png in Resources */,
				A0EFE26D144CB73D00321CFB /* wood.png in Resources */,
				A0EFE26E144CB73D00321CFB /* wood@2x.png in Resources */,
				A0D8B6E7144CFF5200BA118C /* paper-yellow.png in Resources */,
				185F1856144D034D00FAC950 /* TabbarViewController.xib in Resources */,
				185F18A4144D0D4700FAC950 /* master-paper-middle@2x.png in Resources */,
				185F18A5144D0D4700FAC950 /* master-paper-header@2x.png in Resources */,
				185F18A6144D0D4700FAC950 /* master-paper-footer@2x.png in Resources */,
				185F18AC144D0DDD00FAC950 /* Config.plist in Resources */,
				A0D8B709144D1B7A00BA118C /* PlayLevelViewController.xib in Resources */,
				A0D8B70B144D26D400BA118C /* frame@2x.png in Resources */,
				18F85FC2144D38CE00CEE811 /* SearchViewController.xib in Resources */,
			);
			runOnlyForDeploymentPostprocessing = 0;
		};
		18E49C39144CA1CB005C7E8C /* Resources */ = {
			isa = PBXResourcesBuildPhase;
			buildActionMask = 2147483647;
			files = (
				18E49C4A144CA1CB005C7E8C /* InfoPlist.strings in Resources */,
				18E49C4C144CA1CB005C7E8C /* CookMETests.h in Resources */,
			);
			runOnlyForDeploymentPostprocessing = 0;
		};
/* End PBXResourcesBuildPhase section */

/* Begin PBXShellScriptBuildPhase section */
		18E49C3A144CA1CB005C7E8C /* ShellScript */ = {
			isa = PBXShellScriptBuildPhase;
			buildActionMask = 2147483647;
			files = (
			);
			inputPaths = (
			);
			outputPaths = (
			);
			runOnlyForDeploymentPostprocessing = 0;
			shellPath = /bin/sh;
			shellScript = "# Run the unit tests in this test bundle.\n\"${SYSTEM_DEVELOPER_DIR}/Tools/RunUnitTests\"\n";
		};
/* End PBXShellScriptBuildPhase section */

/* Begin PBXSourcesBuildPhase section */
		18E49C15144CA1CA005C7E8C /* Sources */ = {
			isa = PBXSourcesBuildPhase;
			buildActionMask = 2147483647;
			files = (
				18E49C2C144CA1CA005C7E8C /* main.m in Sources */,
				18E49C30144CA1CA005C7E8C /* CookMEAppDelegate.m in Sources */,
				18E49C36144CA1CB005C7E8C /* CookME.xcdatamodeld in Sources */,
				186BE2E7144CA77C00FC8C0C /* MenuViewController.m in Sources */,
				186BE2F1144CAA6D00FC8C0C /* GameViewController.m in Sources */,
				186BE2FB144CAA9E00FC8C0C /* FavoriteViewController.m in Sources */,
				185F1851144D032D00FAC950 /* Food.m in Sources */,
				185F1855144D034D00FAC950 /* TabbarViewController.m in Sources */,
				185F1870144D038D00FAC950 /* ASIAuthenticationDialog.m in Sources */,
				185F1871144D038D00FAC950 /* ASIInputStream.m in Sources */,
				185F1872144D038D00FAC950 /* ASIFormDataRequest.m in Sources */,
				185F1873144D038D00FAC950 /* ASIHTTPRequest.m in Sources */,
				185F1874144D038D00FAC950 /* ASINetworkQueue.m in Sources */,
				185F1875144D038D00FAC950 /* ASIDownloadCache.m in Sources */,
				185F1876144D038D00FAC950 /* ASIDataDecompressor.m in Sources */,
				185F1877144D038D00FAC950 /* ASIDataCompressor.m in Sources */,
				185F187B144D039C00FAC950 /* Reachability.m in Sources */,
				185F188A144D03B800FAC950 /* CXMLDocument.m in Sources */,
				185F188B144D03B800FAC950 /* CXMLDocument_PrivateExtensions.m in Sources */,
				185F188C144D03B800FAC950 /* CXMLElement.m in Sources */,
				185F188D144D03B800FAC950 /* CXMLNode.m in Sources */,
				185F188E144D03B800FAC950 /* CXMLNode_PrivateExtensions.m in Sources */,
				185F188F144D03B800FAC950 /* CXMLNode_XPathExtensions.m in Sources */,
				A0D8B704144D1AEF00BA118C /* CoreDataTableViewController.m in Sources */,
				A0D8B708144D1B7A00BA118C /* PlayLevelViewController.m in Sources */,
				18F85FC1144D38CE00CEE811 /* SearchViewController.m in Sources */,
			);
			runOnlyForDeploymentPostprocessing = 0;
		};
		18E49C37144CA1CB005C7E8C /* Sources */ = {
			isa = PBXSourcesBuildPhase;
			buildActionMask = 2147483647;
			files = (
				18E49C4E144CA1CB005C7E8C /* CookMETests.m in Sources */,
			);
			runOnlyForDeploymentPostprocessing = 0;
		};
/* End PBXSourcesBuildPhase section */

/* Begin PBXTargetDependency section */
		18E49C44144CA1CB005C7E8C /* PBXTargetDependency */ = {
			isa = PBXTargetDependency;
			target = 18E49C18144CA1CA005C7E8C /* CookME */;
			targetProxy = 18E49C43144CA1CB005C7E8C /* PBXContainerItemProxy */;
		};
/* End PBXTargetDependency section */

/* Begin PBXVariantGroup section */
		18E49C28144CA1CA005C7E8C /* InfoPlist.strings */ = {
			isa = PBXVariantGroup;
			children = (
				18E49C29144CA1CA005C7E8C /* en */,
			);
			name = InfoPlist.strings;
			sourceTree = "<group>";
		};
		18E49C31144CA1CB005C7E8C /* MainWindow.xib */ = {
			isa = PBXVariantGroup;
			children = (
				18E49C32144CA1CB005C7E8C /* en */,
			);
			name = MainWindow.xib;
			sourceTree = "<group>";
		};
		18E49C48144CA1CB005C7E8C /* InfoPlist.strings */ = {
			isa = PBXVariantGroup;
			children = (
				18E49C49144CA1CB005C7E8C /* en */,
			);
			name = InfoPlist.strings;
			sourceTree = "<group>";
		};
/* End PBXVariantGroup section */

/* Begin XCBuildConfiguration section */
		18E49C4F144CA1CB005C7E8C /* Debug */ = {
			isa = XCBuildConfiguration;
			buildSettings = {
				ALWAYS_SEARCH_USER_PATHS = NO;
				ARCHS = "$(ARCHS_STANDARD_32_BIT)";
				"CODE_SIGN_IDENTITY[sdk=iphoneos*]" = "iPhone Developer";
				COPY_PHASE_STRIP = NO;
				GCC_C_LANGUAGE_STANDARD = gnu99;
				GCC_DYNAMIC_NO_PIC = NO;
				GCC_OPTIMIZATION_LEVEL = 0;
				GCC_PREPROCESSOR_DEFINITIONS = (
					"DEBUG=1",
					"$(inherited)",
				);
				GCC_SYMBOLS_PRIVATE_EXTERN = NO;
				GCC_VERSION = com.apple.compilers.llvmgcc42;
				GCC_WARN_ABOUT_MISSING_PROTOTYPES = YES;
				GCC_WARN_ABOUT_RETURN_TYPE = YES;
				GCC_WARN_UNUSED_VARIABLE = YES;
				IPHONEOS_DEPLOYMENT_TARGET = 4.3;
				SDKROOT = iphoneos;
			};
			name = Debug;
		};
		18E49C50144CA1CB005C7E8C /* Release */ = {
			isa = XCBuildConfiguration;
			buildSettings = {
				ALWAYS_SEARCH_USER_PATHS = NO;
				ARCHS = "$(ARCHS_STANDARD_32_BIT)";
				"CODE_SIGN_IDENTITY[sdk=iphoneos*]" = "iPhone Developer";
				COPY_PHASE_STRIP = YES;
				GCC_C_LANGUAGE_STANDARD = gnu99;
				GCC_VERSION = com.apple.compilers.llvmgcc42;
				GCC_WARN_ABOUT_MISSING_PROTOTYPES = YES;
				GCC_WARN_ABOUT_RETURN_TYPE = YES;
				GCC_WARN_UNUSED_VARIABLE = YES;
				IPHONEOS_DEPLOYMENT_TARGET = 4.3;
				OTHER_CFLAGS = "-DNS_BLOCK_ASSERTIONS=1";
				SDKROOT = iphoneos;
				VALIDATE_PRODUCT = YES;
			};
			name = Release;
		};
		18E49C52144CA1CB005C7E8C /* Debug */ = {
			isa = XCBuildConfiguration;
			buildSettings = {
				GCC_PRECOMPILE_PREFIX_HEADER = YES;
				GCC_PREFIX_HEADER = "CookME/CookME-Prefix.pch";
				HEADER_SEARCH_PATHS = /usr/include/libxml2;
				INFOPLIST_FILE = "CookME/CookME-Info.plist";
				PRODUCT_NAME = "$(TARGET_NAME)";
				WRAPPER_EXTENSION = app;
			};
			name = Debug;
		};
		18E49C53144CA1CB005C7E8C /* Release */ = {
			isa = XCBuildConfiguration;
			buildSettings = {
				GCC_PRECOMPILE_PREFIX_HEADER = YES;
				GCC_PREFIX_HEADER = "CookME/CookME-Prefix.pch";
				HEADER_SEARCH_PATHS = /usr/include/libxml2;
				INFOPLIST_FILE = "CookME/CookME-Info.plist";
				PRODUCT_NAME = "$(TARGET_NAME)";
				WRAPPER_EXTENSION = app;
			};
			name = Release;
		};
		18E49C55144CA1CB005C7E8C /* Debug */ = {
			isa = XCBuildConfiguration;
			buildSettings = {
				BUNDLE_LOADER = "$(BUILT_PRODUCTS_DIR)/CookME.app/CookME";
				FRAMEWORK_SEARCH_PATHS = (
					"$(SDKROOT)/Developer/Library/Frameworks",
					"$(DEVELOPER_LIBRARY_DIR)/Frameworks",
				);
				GCC_PRECOMPILE_PREFIX_HEADER = YES;
				GCC_PREFIX_HEADER = "CookME/CookME-Prefix.pch";
				INFOPLIST_FILE = "CookMETests/CookMETests-Info.plist";
				PRODUCT_NAME = "$(TARGET_NAME)";
				TEST_HOST = "$(BUNDLE_LOADER)";
				WRAPPER_EXTENSION = octest;
			};
			name = Debug;
		};
		18E49C56144CA1CB005C7E8C /* Release */ = {
			isa = XCBuildConfiguration;
			buildSettings = {
				BUNDLE_LOADER = "$(BUILT_PRODUCTS_DIR)/CookME.app/CookME";
				FRAMEWORK_SEARCH_PATHS = (
					"$(SDKROOT)/Developer/Library/Frameworks",
					"$(DEVELOPER_LIBRARY_DIR)/Frameworks",
				);
				GCC_PRECOMPILE_PREFIX_HEADER = YES;
				GCC_PREFIX_HEADER = "CookME/CookME-Prefix.pch";
				INFOPLIST_FILE = "CookMETests/CookMETests-Info.plist";
				PRODUCT_NAME = "$(TARGET_NAME)";
				TEST_HOST = "$(BUNDLE_LOADER)";
				WRAPPER_EXTENSION = octest;
			};
			name = Release;
		};
/* End XCBuildConfiguration section */

/* Begin XCConfigurationList section */
		18E49C13144CA1CA005C7E8C /* Build configuration list for PBXProject "CookME" */ = {
			isa = XCConfigurationList;
			buildConfigurations = (
				18E49C4F144CA1CB005C7E8C /* Debug */,
				18E49C50144CA1CB005C7E8C /* Release */,
			);
			defaultConfigurationIsVisible = 0;
			defaultConfigurationName = Release;
		};
		18E49C51144CA1CB005C7E8C /* Build configuration list for PBXNativeTarget "CookME" */ = {
			isa = XCConfigurationList;
			buildConfigurations = (
				18E49C52144CA1CB005C7E8C /* Debug */,
				18E49C53144CA1CB005C7E8C /* Release */,
			);
			defaultConfigurationIsVisible = 0;
			defaultConfigurationName = Release;
		};
		18E49C54144CA1CB005C7E8C /* Build configuration list for PBXNativeTarget "CookMETests" */ = {
			isa = XCConfigurationList;
			buildConfigurations = (
				18E49C55144CA1CB005C7E8C /* Debug */,
				18E49C56144CA1CB005C7E8C /* Release */,
			);
			defaultConfigurationIsVisible = 0;
			defaultConfigurationName = Release;
		};
/* End XCConfigurationList section */

/* Begin XCVersionGroup section */
		18E49C34144CA1CB005C7E8C /* CookME.xcdatamodeld */ = {
			isa = XCVersionGroup;
			children = (
				18E49C35144CA1CB005C7E8C /* CookME.xcdatamodel */,
			);
			currentVersion = 18E49C35144CA1CB005C7E8C /* CookME.xcdatamodel */;
			path = CookME.xcdatamodeld;
			sourceTree = "<group>";
			versionGroupType = wrapper.xcdatamodel;
		};
/* End XCVersionGroup section */
	};
	rootObject = 18E49C10144CA1CA005C7E8C /* Project object */;
}
